<?xml version="1.0" encoding="utf-8"?>
<Project ToolsVersion="4.0" xmlns="http://schemas.microsoft.com/developer/msbuild/2003">
  <ItemGroup>
    <Filter Include="Headers">
      <UniqueIdentifier>{93995380-89BD-4b04-88EB-625FBE52EBFB}</UniqueIdentifier>
      <Extensions>h;hh;hpp;hxx;h++;hm;inl;inc;ipp;xsd</Extensions>
    </Filter>
    <Filter Include="Sources">
      <UniqueIdentifier>{4FC737F1-C7A5-4376-A066-2A32D752A2FF}</UniqueIdentifier>
      <Extensions>cpp;c;cc;cxx;c++;cppm;ixx;def;odl;idl;hpj;bat;asm;asmx</Extensions>
    </Filter>
    <Filter Include="Sources\imgui">
      <UniqueIdentifier>{62ab2a41-7b9f-4251-a700-e9046c271417}</UniqueIdentifier>
    </Filter>
    <Filter Include="Sources\UE4">
      <UniqueIdentifier>{c4e68b8f-1b5f-416e-91f7-e978152b36f6}</UniqueIdentifier>
    </Filter>
  </ItemGroup>
  <ItemGroup>
    <ClCompile Include="main.cpp">
      <Filter>Sources</Filter>
    </ClCompile>
    <ClCompile Include="cheat.cpp">
      <Filter>Sources</Filter>
    </ClCompile>
    <ClCompile Include="..\include\imgui\imgui_widgets.cpp">
      <Filter>Sources\imgui</Filter>
    </ClCompile>
    <ClCompile Include="..\include\imgui\imgui_impl_win32.cpp">
      <Filter>Sources\imgui</Filter>
    </ClCompile>
    <ClCompile Include="..\include\imgui\imgui_impl_dx11.cpp">
      <Filter>Sources\imgui</Filter>
    </ClCompile>
    <ClCompile Include="..\include\imgui\imgui_draw.cpp">
      <Filter>Sources\imgui</Filter>
    </ClCompile>
    <ClCompile Include="..\include\imgui\imgui.cpp">
      <Filter>Sources\imgui</Filter>
    </ClCompile>
    <ClCompile Include="SDK.cpp">
      <Filter>Sources</Filter>
    </ClCompile>
    <ClCompile Include="..\include\UE4\UE4.cpp">
      <Filter>Sources\UE4</Filter>
    </ClCompile>
  </ItemGroup>
  <ItemGroup>
    <ClInclude Include="cheat.h">
      <Filter>Headers</Filter>
    </ClInclude>
    <ClInclude Include="SDK.h">
      <Filter>Headers</Filter>
    </ClInclude>
  </ItemGroup>
</Project>